
Microsoft Visual Studio Solution File, Format Version 12.00
# Visual Studio Version 16
VisualStudioVersion = 16.0.28803.202
MinimumVisualStudioVersion = 10.0.40219.1
Project("{FAE04EC0-301F-11D3-BF4B-00C04F79EFBC}") = "NETCoreBackgroundService", "NETCoreBackgroundService\NETCoreBackgroundService.csproj", "{4E862D5A-97D9-4699-9B85-E62E66E7CC27}"
EndProject
Global
	GlobalSection(SolutionConfigurationPlatforms) = preSolution
		Debug|Any CPU = Debug|Any CPU
		Release|Any CPU = Release|Any CPU
	EndGlobalSection
	GlobalSection(ProjectConfigurationPlatforms) = postSolution
		{4E862D5A-97D9-4699-9B85-E62E66E7CC27}.Debug|Any CPU.ActiveCfg = Debug|Any CPU
		{4E862D5A-97D9-4699-9B85-E62E66E7CC27}.Debug|Any CPU.Build.0 = Debug|Any CPU
		{4E862D5A-97D9-4699-9B85-E62E66E7CC27}.Release|Any CPU.ActiveCfg = Release|Any CPU
		{4E862D5A-97D9-4699-9B85-E62E66E7CC27}.Release|Any CPU.Build.0 = Release|Any CPU
	EndGlobalSection
	GlobalSection(SolutionProperties) = preSolution
		HideSolutionNode = FALSE
	EndGlobalSection
	GlobalSection(ExtensibilityGlobals) = postSolution
		SolutionGuid = {BB407C11-6926-414D-94AF-7B5712877B2E}
	EndGlobalSection
EndGlobal
